
Microsoft Visual Studio Solution File, Format Version 12.00
# Visual Studio Version 17
VisualStudioVersion = 17.1.32407.343
MinimumVisualStudioVersion = 10.0.40219.1
Project("{FAE04EC0-301F-11D3-BF4B-00C04F79EFBC}") = "WindFormProductos1", "WindFormProductos1\WindFormProductos1.csproj", "{92C9E3CE-B316-40EC-9607-E94A2A73D247}"
EndProject
Project("{FAE04EC0-301F-11D3-BF4B-00C04F79EFBC}") = "Entidades", "Entidades\Entidades.csproj", "{BEBDE321-E9DD-4314-96B5-9C90495D105C}"
EndProject
Global
	GlobalSection(SolutionConfigurationPlatforms) = preSolution
		Debug|Any CPU = Debug|Any CPU
		Release|Any CPU = Release|Any CPU
	EndGlobalSection
	GlobalSection(ProjectConfigurationPlatforms) = postSolution
		{92C9E3CE-B316-40EC-9607-E94A2A73D247}.Debug|Any CPU.ActiveCfg = Debug|Any CPU
		{92C9E3CE-B316-40EC-9607-E94A2A73D247}.Debug|Any CPU.Build.0 = Debug|Any CPU
		{92C9E3CE-B316-40EC-9607-E94A2A73D247}.Release|Any CPU.ActiveCfg = Release|Any CPU
		{92C9E3CE-B316-40EC-9607-E94A2A73D247}.Release|Any CPU.Build.0 = Release|Any CPU
		{BEBDE321-E9DD-4314-96B5-9C90495D105C}.Debug|Any CPU.ActiveCfg = Debug|Any CPU
		{BEBDE321-E9DD-4314-96B5-9C90495D105C}.Debug|Any CPU.Build.0 = Debug|Any CPU
		{BEBDE321-E9DD-4314-96B5-9C90495D105C}.Release|Any CPU.ActiveCfg = Release|Any CPU
		{BEBDE321-E9DD-4314-96B5-9C90495D105C}.Release|Any CPU.Build.0 = Release|Any CPU
	EndGlobalSection
	GlobalSection(SolutionProperties) = preSolution
		HideSolutionNode = FALSE
	EndGlobalSection
	GlobalSection(ExtensibilityGlobals) = postSolution
		SolutionGuid = {2CA61AA0-7CD7-4DB1-82B8-64789D5CA7DE}
	EndGlobalSection
EndGlobal
